
Microsoft Visual Studio Solution File, Format Version 12.00
# Visual Studio Version 17
VisualStudioVersion = 17.6.33829.357
MinimumVisualStudioVersion = 10.0.40219.1
Project("{FAE04EC0-301F-11D3-BF4B-00C04F79EFBC}") = "CalorieTrackingApp", "CalorieTrackingApp\CalorieTrackingApp.csproj", "{5CFA331B-CC4A-450F-81B9-2829E1F2EAE0}"
EndProject
Global
	GlobalSection(SolutionConfigurationPlatforms) = preSolution
		Debug|Any CPU = Debug|Any CPU
		Release|Any CPU = Release|Any CPU
	EndGlobalSection
	GlobalSection(ProjectConfigurationPlatforms) = postSolution
		{5CFA331B-CC4A-450F-81B9-2829E1F2EAE0}.Debug|Any CPU.ActiveCfg = Debug|Any CPU
		{5CFA331B-CC4A-450F-81B9-2829E1F2EAE0}.Debug|Any CPU.Build.0 = Debug|Any CPU
		{5CFA331B-CC4A-450F-81B9-2829E1F2EAE0}.Release|Any CPU.ActiveCfg = Release|Any CPU
		{5CFA331B-CC4A-450F-81B9-2829E1F2EAE0}.Release|Any CPU.Build.0 = Release|Any CPU
	EndGlobalSection
	GlobalSection(SolutionProperties) = preSolution
		HideSolutionNode = FALSE
	EndGlobalSection
	GlobalSection(ExtensibilityGlobals) = postSolution
		SolutionGuid = {C03AA268-D5AA-4123-A50E-2D81A7CC4708}
	EndGlobalSection
EndGlobal
